// !$*UTF8*$!
{
	archiveVersion = 1;
	classes = {
	};
	objectVersion = 51;
	objects = {

/* Begin PBXBuildFile section */
		350FB9E526C528EF00EEC1FC /* Date.swift in Sources */ = {isa = PBXBuildFile; fileRef = 350FB9E426C528EF00EEC1FC /* Date.swift */; };
		3516888D26C551A40069C810 /* EditViewController.swift in Sources */ = {isa = PBXBuildFile; fileRef = 3516888B26C551A40069C810 /* EditViewController.swift */; };
		3516888E26C551A40069C810 /* EditViewController.xib in Resources */ = {isa = PBXBuildFile; fileRef = 3516888C26C551A40069C810 /* EditViewController.xib */; };
		3516889E26C554820069C810 /* EditPresenter.swift in Sources */ = {isa = PBXBuildFile; fileRef = 3516889D26C554820069C810 /* EditPresenter.swift */; };
		351688A726C5553B0069C810 /* EditRouter.swift in Sources */ = {isa = PBXBuildFile; fileRef = 351688A626C5553B0069C810 /* EditRouter.swift */; };
		351712FC26BC142E00703299 /* TaskCell.swift in Sources */ = {isa = PBXBuildFile; fileRef = 351712FA26BC142E00703299 /* TaskCell.swift */; };
		351712FD26BC142E00703299 /* TaskCell.xib in Resources */ = {isa = PBXBuildFile; fileRef = 351712FB26BC142E00703299 /* TaskCell.xib */; };
		3517131026BC20B400703299 /* DetailPresenter.swift in Sources */ = {isa = PBXBuildFile; fileRef = 3517130F26BC20B400703299 /* DetailPresenter.swift */; };
		3517131E26BC22B500703299 /* DetailViewController.swift in Sources */ = {isa = PBXBuildFile; fileRef = 3517131C26BC22B500703299 /* DetailViewController.swift */; };
		3517131F26BC22B500703299 /* DetailViewController.xib in Resources */ = {isa = PBXBuildFile; fileRef = 3517131D26BC22B500703299 /* DetailViewController.xib */; };
		3517132C26BC2F0500703299 /* EventViewController.swift in Sources */ = {isa = PBXBuildFile; fileRef = 3517132A26BC2F0500703299 /* EventViewController.swift */; };
		3517132D26BC2F0500703299 /* EventViewController.xib in Resources */ = {isa = PBXBuildFile; fileRef = 3517132B26BC2F0500703299 /* EventViewController.xib */; };
		3517134726BC2F6F00703299 /* EventPresenter.swift in Sources */ = {isa = PBXBuildFile; fileRef = 3517134626BC2F6F00703299 /* EventPresenter.swift */; };
		3517138F26BD879600703299 /* MainRouter.swift in Sources */ = {isa = PBXBuildFile; fileRef = 3517138E26BD879600703299 /* MainRouter.swift */; };
		3517139726BD8B6D00703299 /* EventRouter.swift in Sources */ = {isa = PBXBuildFile; fileRef = 3517139626BD8B6D00703299 /* EventRouter.swift */; };
		3517139F26BD8E8900703299 /* DetailRouter.swift in Sources */ = {isa = PBXBuildFile; fileRef = 3517139E26BD8E8900703299 /* DetailRouter.swift */; };
		3558900A26BAE6F600CFBDA8 /* AppDelegate.swift in Sources */ = {isa = PBXBuildFile; fileRef = 3558900926BAE6F600CFBDA8 /* AppDelegate.swift */; };
		3558900C26BAE6F600CFBDA8 /* SceneDelegate.swift in Sources */ = {isa = PBXBuildFile; fileRef = 3558900B26BAE6F600CFBDA8 /* SceneDelegate.swift */; };
		3558900E26BAE6F600CFBDA8 /* MainViewController.swift in Sources */ = {isa = PBXBuildFile; fileRef = 3558900D26BAE6F600CFBDA8 /* MainViewController.swift */; };
		3558901126BAE6F600CFBDA8 /* Main.storyboard in Resources */ = {isa = PBXBuildFile; fileRef = 3558900F26BAE6F600CFBDA8 /* Main.storyboard */; };
		3558901326BAE6F700CFBDA8 /* Assets.xcassets in Resources */ = {isa = PBXBuildFile; fileRef = 3558901226BAE6F700CFBDA8 /* Assets.xcassets */; };
		3558901626BAE6F700CFBDA8 /* LaunchScreen.storyboard in Resources */ = {isa = PBXBuildFile; fileRef = 3558901426BAE6F700CFBDA8 /* LaunchScreen.storyboard */; };
		3558902126BAE6F700CFBDA8 /* MVPTestTests.swift in Sources */ = {isa = PBXBuildFile; fileRef = 3558902026BAE6F700CFBDA8 /* MVPTestTests.swift */; };
		3558902C26BAE6F700CFBDA8 /* MVPTestUITests.swift in Sources */ = {isa = PBXBuildFile; fileRef = 3558902B26BAE6F700CFBDA8 /* MVPTestUITests.swift */; };
		3558903D26BAE70100CFBDA8 /* Task.swift in Sources */ = {isa = PBXBuildFile; fileRef = 3558903C26BAE70100CFBDA8 /* Task.swift */; };
		3558904226BAE73500CFBDA8 /* MainPresenter.swift in Sources */ = {isa = PBXBuildFile; fileRef = 3558904126BAE73500CFBDA8 /* MainPresenter.swift */; };
		3558905A26BAEAD900CFBDA8 /* MainViewController.xib in Resources */ = {isa = PBXBuildFile; fileRef = 3558905926BAEAD900CFBDA8 /* MainViewController.xib */; };
		3558905F26BAEB6B00CFBDA8 /* AssamblyModuleBuilder.swift in Sources */ = {isa = PBXBuildFile; fileRef = 3558905E26BAEB6B00CFBDA8 /* AssamblyModuleBuilder.swift */; };
		35AAA4EB26C153DF00AC195E /* SQLiteDatabase.swift in Sources */ = {isa = PBXBuildFile; fileRef = 35AAA4EA26C153DF00AC195E /* SQLiteDatabase.swift */; };
		35AAA50626C2784400AC195E /* SQLiteCommands.swift in Sources */ = {isa = PBXBuildFile; fileRef = 35AAA50526C2784400AC195E /* SQLiteCommands.swift */; };
		4FCBAAE2D9FE26DA9B528383 /* Pods_MVPTest_MVPTestUITests.framework in Frameworks */ = {isa = PBXBuildFile; fileRef = C087F57996E606C6FB3ACEFA /* Pods_MVPTest_MVPTestUITests.framework */; };
		B569D5C7F348C20539A680AE /* Pods_MVPTestTests.framework in Frameworks */ = {isa = PBXBuildFile; fileRef = 49FC1592B1390C8C5544BA08 /* Pods_MVPTestTests.framework */; };
		E523105597DD26EF646090E8 /* Pods_MVPTest.framework in Frameworks */ = {isa = PBXBuildFile; fileRef = A6D6BD4EC89942FBD015B518 /* Pods_MVPTest.framework */; };
/* End PBXBuildFile section */

/* Begin PBXContainerItemProxy section */
		3558901D26BAE6F700CFBDA8 /* PBXContainerItemProxy */ = {
			isa = PBXContainerItemProxy;
			containerPortal = 35588FFE26BAE6F600CFBDA8 /* Project object */;
			proxyType = 1;
			remoteGlobalIDString = 3558900526BAE6F600CFBDA8;
			remoteInfo = MVPTest;
		};
		3558902826BAE6F700CFBDA8 /* PBXContainerItemProxy */ = {
			isa = PBXContainerItemProxy;
			containerPortal = 35588FFE26BAE6F600CFBDA8 /* Project object */;
			proxyType = 1;
			remoteGlobalIDString = 3558900526BAE6F600CFBDA8;
			remoteInfo = MVPTest;
		};
/* End PBXContainerItemProxy section */

/* Begin PBXFileReference section */
		2F1B48D1CECF1E95EC5D52F3 /* Pods-MVPTest.release.xcconfig */ = {isa = PBXFileReference; includeInIndex = 1; lastKnownFileType = text.xcconfig; name = "Pods-MVPTest.release.xcconfig"; path = "Target Support Files/Pods-MVPTest/Pods-MVPTest.release.xcconfig"; sourceTree = "<group>"; };
		350FB9E426C528EF00EEC1FC /* Date.swift */ = {isa = PBXFileReference; lastKnownFileType = sourcecode.swift; path = Date.swift; sourceTree = "<group>"; };
		3516888B26C551A40069C810 /* EditViewController.swift */ = {isa = PBXFileReference; lastKnownFileType = sourcecode.swift; path = EditViewController.swift; sourceTree = "<group>"; };
		3516888C26C551A40069C810 /* EditViewController.xib */ = {isa = PBXFileReference; lastKnownFileType = file.xib; path = EditViewController.xib; sourceTree = "<group>"; };
		3516889D26C554820069C810 /* EditPresenter.swift */ = {isa = PBXFileReference; lastKnownFileType = sourcecode.swift; path = EditPresenter.swift; sourceTree = "<group>"; };
		351688A626C5553B0069C810 /* EditRouter.swift */ = {isa = PBXFileReference; lastKnownFileType = sourcecode.swift; path = EditRouter.swift; sourceTree = "<group>"; };
		351712FA26BC142E00703299 /* TaskCell.swift */ = {isa = PBXFileReference; lastKnownFileType = sourcecode.swift; path = TaskCell.swift; sourceTree = "<group>"; };
		351712FB26BC142E00703299 /* TaskCell.xib */ = {isa = PBXFileReference; lastKnownFileType = file.xib; path = TaskCell.xib; sourceTree = "<group>"; };
		3517130F26BC20B400703299 /* DetailPresenter.swift */ = {isa = PBXFileReference; lastKnownFileType = sourcecode.swift; path = DetailPresenter.swift; sourceTree = "<group>"; };
		3517131C26BC22B500703299 /* DetailViewController.swift */ = {isa = PBXFileReference; lastKnownFileType = sourcecode.swift; path = DetailViewController.swift; sourceTree = "<group>"; };
		3517131D26BC22B500703299 /* DetailViewController.xib */ = {isa = PBXFileReference; lastKnownFileType = file.xib; path = DetailViewController.xib; sourceTree = "<group>"; };
		3517132A26BC2F0500703299 /* EventViewController.swift */ = {isa = PBXFileReference; lastKnownFileType = sourcecode.swift; path = EventViewController.swift; sourceTree = "<group>"; };
		3517132B26BC2F0500703299 /* EventViewController.xib */ = {isa = PBXFileReference; lastKnownFileType = file.xib; path = EventViewController.xib; sourceTree = "<group>"; };
		3517134626BC2F6F00703299 /* EventPresenter.swift */ = {isa = PBXFileReference; lastKnownFileType = sourcecode.swift; path = EventPresenter.swift; sourceTree = "<group>"; };
		3517138E26BD879600703299 /* MainRouter.swift */ = {isa = PBXFileReference; lastKnownFileType = sourcecode.swift; path = MainRouter.swift; sourceTree = "<group>"; };
		3517139626BD8B6D00703299 /* EventRouter.swift */ = {isa = PBXFileReference; lastKnownFileType = sourcecode.swift; path = EventRouter.swift; sourceTree = "<group>"; };
		3517139E26BD8E8900703299 /* DetailRouter.swift */ = {isa = PBXFileReference; lastKnownFileType = sourcecode.swift; path = DetailRouter.swift; sourceTree = "<group>"; };
		3558900626BAE6F600CFBDA8 /* MVPTest.app */ = {isa = PBXFileReference; explicitFileType = wrapper.application; includeInIndex = 0; path = MVPTest.app; sourceTree = BUILT_PRODUCTS_DIR; };
		3558900926BAE6F600CFBDA8 /* AppDelegate.swift */ = {isa = PBXFileReference; lastKnownFileType = sourcecode.swift; path = AppDelegate.swift; sourceTree = "<group>"; };
		3558900B26BAE6F600CFBDA8 /* SceneDelegate.swift */ = {isa = PBXFileReference; lastKnownFileType = sourcecode.swift; path = SceneDelegate.swift; sourceTree = "<group>"; };
		3558900D26BAE6F600CFBDA8 /* MainViewController.swift */ = {isa = PBXFileReference; lastKnownFileType = sourcecode.swift; path = MainViewController.swift; sourceTree = "<group>"; };
		3558901026BAE6F600CFBDA8 /* Base */ = {isa = PBXFileReference; lastKnownFileType = file.storyboard; name = Base; path = Base.lproj/Main.storyboard; sourceTree = "<group>"; };
		3558901226BAE6F700CFBDA8 /* Assets.xcassets */ = {isa = PBXFileReference; lastKnownFileType = folder.assetcatalog; path = Assets.xcassets; sourceTree = "<group>"; };
		3558901526BAE6F700CFBDA8 /* Base */ = {isa = PBXFileReference; lastKnownFileType = file.storyboard; name = Base; path = Base.lproj/LaunchScreen.storyboard; sourceTree = "<group>"; };
		3558901726BAE6F700CFBDA8 /* Info.plist */ = {isa = PBXFileReference; lastKnownFileType = text.plist.xml; path = Info.plist; sourceTree = "<group>"; };
		3558901C26BAE6F700CFBDA8 /* MVPTestTests.xctest */ = {isa = PBXFileReference; explicitFileType = wrapper.cfbundle; includeInIndex = 0; path = MVPTestTests.xctest; sourceTree = BUILT_PRODUCTS_DIR; };
		3558902026BAE6F700CFBDA8 /* MVPTestTests.swift */ = {isa = PBXFileReference; lastKnownFileType = sourcecode.swift; path = MVPTestTests.swift; sourceTree = "<group>"; };
		3558902226BAE6F700CFBDA8 /* Info.plist */ = {isa = PBXFileReference; lastKnownFileType = text.plist.xml; path = Info.plist; sourceTree = "<group>"; };
		3558902726BAE6F700CFBDA8 /* MVPTestUITests.xctest */ = {isa = PBXFileReference; explicitFileType = wrapper.cfbundle; includeInIndex = 0; path = MVPTestUITests.xctest; sourceTree = BUILT_PRODUCTS_DIR; };
		3558902B26BAE6F700CFBDA8 /* MVPTestUITests.swift */ = {isa = PBXFileReference; lastKnownFileType = sourcecode.swift; path = MVPTestUITests.swift; sourceTree = "<group>"; };
		3558902D26BAE6F700CFBDA8 /* Info.plist */ = {isa = PBXFileReference; lastKnownFileType = text.plist.xml; path = Info.plist; sourceTree = "<group>"; };
		3558903C26BAE70100CFBDA8 /* Task.swift */ = {isa = PBXFileReference; lastKnownFileType = sourcecode.swift; path = Task.swift; sourceTree = "<group>"; };
		3558904126BAE73500CFBDA8 /* MainPresenter.swift */ = {isa = PBXFileReference; lastKnownFileType = sourcecode.swift; path = MainPresenter.swift; sourceTree = "<group>"; };
		3558905926BAEAD900CFBDA8 /* MainViewController.xib */ = {isa = PBXFileReference; lastKnownFileType = file.xib; path = MainViewController.xib; sourceTree = "<group>"; };
		3558905E26BAEB6B00CFBDA8 /* AssamblyModuleBuilder.swift */ = {isa = PBXFileReference; lastKnownFileType = sourcecode.swift; path = AssamblyModuleBuilder.swift; sourceTree = "<group>"; };
		357746B8C6430657B72577C9 /* Pods-MVPTestTests.release.xcconfig */ = {isa = PBXFileReference; includeInIndex = 1; lastKnownFileType = text.xcconfig; name = "Pods-MVPTestTests.release.xcconfig"; path = "Target Support Files/Pods-MVPTestTests/Pods-MVPTestTests.release.xcconfig"; sourceTree = "<group>"; };
		35AAA4EA26C153DF00AC195E /* SQLiteDatabase.swift */ = {isa = PBXFileReference; lastKnownFileType = sourcecode.swift; path = SQLiteDatabase.swift; sourceTree = "<group>"; };
		35AAA50526C2784400AC195E /* SQLiteCommands.swift */ = {isa = PBXFileReference; lastKnownFileType = sourcecode.swift; path = SQLiteCommands.swift; sourceTree = "<group>"; };
		49FC1592B1390C8C5544BA08 /* Pods_MVPTestTests.framework */ = {isa = PBXFileReference; explicitFileType = wrapper.framework; includeInIndex = 0; path = Pods_MVPTestTests.framework; sourceTree = BUILT_PRODUCTS_DIR; };
		6B4821C1BC1F4323540CAD6D /* Pods-MVPTest.debug.xcconfig */ = {isa = PBXFileReference; includeInIndex = 1; lastKnownFileType = text.xcconfig; name = "Pods-MVPTest.debug.xcconfig"; path = "Target Support Files/Pods-MVPTest/Pods-MVPTest.debug.xcconfig"; sourceTree = "<group>"; };
		89ED120836D5312A7A0F1046 /* Pods-MVPTestTests.debug.xcconfig */ = {isa = PBXFileReference; includeInIndex = 1; lastKnownFileType = text.xcconfig; name = "Pods-MVPTestTests.debug.xcconfig"; path = "Target Support Files/Pods-MVPTestTests/Pods-MVPTestTests.debug.xcconfig"; sourceTree = "<group>"; };
		A6D6BD4EC89942FBD015B518 /* Pods_MVPTest.framework */ = {isa = PBXFileReference; explicitFileType = wrapper.framework; includeInIndex = 0; path = Pods_MVPTest.framework; sourceTree = BUILT_PRODUCTS_DIR; };
		AD747B041832FE4BF8B6992C /* Pods-MVPTest-MVPTestUITests.release.xcconfig */ = {isa = PBXFileReference; includeInIndex = 1; lastKnownFileType = text.xcconfig; name = "Pods-MVPTest-MVPTestUITests.release.xcconfig"; path = "Target Support Files/Pods-MVPTest-MVPTestUITests/Pods-MVPTest-MVPTestUITests.release.xcconfig"; sourceTree = "<group>"; };
		C087F57996E606C6FB3ACEFA /* Pods_MVPTest_MVPTestUITests.framework */ = {isa = PBXFileReference; explicitFileType = wrapper.framework; includeInIndex = 0; path = Pods_MVPTest_MVPTestUITests.framework; sourceTree = BUILT_PRODUCTS_DIR; };
		E453046E7E81839144BC53FE /* Pods-MVPTest-MVPTestUITests.debug.xcconfig */ = {isa = PBXFileReference; includeInIndex = 1; lastKnownFileType = text.xcconfig; name = "Pods-MVPTest-MVPTestUITests.debug.xcconfig"; path = "Target Support Files/Pods-MVPTest-MVPTestUITests/Pods-MVPTest-MVPTestUITests.debug.xcconfig"; sourceTree = "<group>"; };
/* End PBXFileReference section */

/* Begin PBXFrameworksBuildPhase section */
		3558900326BAE6F600CFBDA8 /* Frameworks */ = {
			isa = PBXFrameworksBuildPhase;
			buildActionMask = 2147483647;
			files = (
				E523105597DD26EF646090E8 /* Pods_MVPTest.framework in Frameworks */,
			);
			runOnlyForDeploymentPostprocessing = 0;
		};
		3558901926BAE6F700CFBDA8 /* Frameworks */ = {
			isa = PBXFrameworksBuildPhase;
			buildActionMask = 2147483647;
			files = (
				B569D5C7F348C20539A680AE /* Pods_MVPTestTests.framework in Frameworks */,
			);
			runOnlyForDeploymentPostprocessing = 0;
		};
		3558902426BAE6F700CFBDA8 /* Frameworks */ = {
			isa = PBXFrameworksBuildPhase;
			buildActionMask = 2147483647;
			files = (
				4FCBAAE2D9FE26DA9B528383 /* Pods_MVPTest_MVPTestUITests.framework in Frameworks */,
			);
			runOnlyForDeploymentPostprocessing = 0;
		};
/* End PBXFrameworksBuildPhase section */

/* Begin PBXGroup section */
		05EDDC5EC923B62227186AC4 /* Pods */ = {
			isa = PBXGroup;
			children = (
				6B4821C1BC1F4323540CAD6D /* Pods-MVPTest.debug.xcconfig */,
				2F1B48D1CECF1E95EC5D52F3 /* Pods-MVPTest.release.xcconfig */,
				E453046E7E81839144BC53FE /* Pods-MVPTest-MVPTestUITests.debug.xcconfig */,
				AD747B041832FE4BF8B6992C /* Pods-MVPTest-MVPTestUITests.release.xcconfig */,
				89ED120836D5312A7A0F1046 /* Pods-MVPTestTests.debug.xcconfig */,
				357746B8C6430657B72577C9 /* Pods-MVPTestTests.release.xcconfig */,
			);
			path = Pods;
			sourceTree = "<group>";
		};
		3516889226C551AA0069C810 /* EditModule */ = {
			isa = PBXGroup;
			children = (
				351688AB26C5553E0069C810 /* router */,
				351688A226C554850069C810 /* presenter */,
				3516889926C554710069C810 /* view */,
			);
			path = EditModule;
			sourceTree = "<group>";
		};
		3516889926C554710069C810 /* view */ = {
			isa = PBXGroup;
			children = (
				3516888B26C551A40069C810 /* EditViewController.swift */,
				3516888C26C551A40069C810 /* EditViewController.xib */,
			);
			path = view;
			sourceTree = "<group>";
		};
		351688A226C554850069C810 /* presenter */ = {
			isa = PBXGroup;
			children = (
				3516889D26C554820069C810 /* EditPresenter.swift */,
			);
			path = presenter;
			sourceTree = "<group>";
		};
		351688AB26C5553E0069C810 /* router */ = {
			isa = PBXGroup;
			children = (
				351688A626C5553B0069C810 /* EditRouter.swift */,
			);
			path = router;
			sourceTree = "<group>";
		};
		3517130126BC143100703299 /* cells */ = {
			isa = PBXGroup;
			children = (
				351712FA26BC142E00703299 /* TaskCell.swift */,
				351712FB26BC142E00703299 /* TaskCell.xib */,
			);
			path = cells;
			sourceTree = "<group>";
		};
		3517130826BC144300703299 /* storyboards */ = {
			isa = PBXGroup;
			children = (
				3558900F26BAE6F600CFBDA8 /* Main.storyboard */,
				3558901426BAE6F700CFBDA8 /* LaunchScreen.storyboard */,
			);
			path = storyboards;
			sourceTree = "<group>";
		};
		3517131426BC226700703299 /* presenter */ = {
			isa = PBXGroup;
			children = (
				3517130F26BC20B400703299 /* DetailPresenter.swift */,
			);
			path = presenter;
			sourceTree = "<group>";
		};
		3517131826BC227B00703299 /* DetailModule */ = {
			isa = PBXGroup;
			children = (
				3544940F26C3D31A00946D9D /* router */,
				3517131426BC226700703299 /* presenter */,
				3517132326BC22B900703299 /* view */,
			);
			path = DetailModule;
			sourceTree = "<group>";
		};
		3517132326BC22B900703299 /* view */ = {
			isa = PBXGroup;
			children = (
				3517131C26BC22B500703299 /* DetailViewController.swift */,
				3517131D26BC22B500703299 /* DetailViewController.xib */,
			);
			path = view;
			sourceTree = "<group>";
		};
		3517133126BC2F0A00703299 /* EventModule */ = {
			isa = PBXGroup;
			children = (
				3544940826C3D30D00946D9D /* router */,
				3517133526BC2F1E00703299 /* view */,
				3517134B26BC2F7200703299 /* presenter */,
			);
			path = EventModule;
			sourceTree = "<group>";
		};
		3517133526BC2F1E00703299 /* view */ = {
			isa = PBXGroup;
			children = (
				3517132A26BC2F0500703299 /* EventViewController.swift */,
				3517132B26BC2F0500703299 /* EventViewController.xib */,
			);
			path = view;
			sourceTree = "<group>";
		};
		3517134B26BC2F7200703299 /* presenter */ = {
			isa = PBXGroup;
			children = (
				3517134626BC2F6F00703299 /* EventPresenter.swift */,
			);
			path = presenter;
			sourceTree = "<group>";
		};
		3517136226BD43EB00703299 /* Extension */ = {
			isa = PBXGroup;
			children = (
				3558900B26BAE6F600CFBDA8 /* SceneDelegate.swift */,
				3558900926BAE6F600CFBDA8 /* AppDelegate.swift */,
				350FB9E426C528EF00EEC1FC /* Date.swift */,
			);
			path = Extension;
			sourceTree = "<group>";
		};
		3517138A26BD6EAB00703299 /* ScreenBuilder */ = {
			isa = PBXGroup;
			children = (
				3558905E26BAEB6B00CFBDA8 /* AssamblyModuleBuilder.swift */,
			);
			path = ScreenBuilder;
			sourceTree = "<group>";
		};
		3544940426C3D30200946D9D /* router */ = {
			isa = PBXGroup;
			children = (
				3517138E26BD879600703299 /* MainRouter.swift */,
			);
			path = router;
			sourceTree = "<group>";
		};
		3544940826C3D30D00946D9D /* router */ = {
			isa = PBXGroup;
			children = (
				3517139626BD8B6D00703299 /* EventRouter.swift */,
			);
			path = router;
			sourceTree = "<group>";
		};
		3544940F26C3D31A00946D9D /* router */ = {
			isa = PBXGroup;
			children = (
				3517139E26BD8E8900703299 /* DetailRouter.swift */,
			);
			path = router;
			sourceTree = "<group>";
		};
		35588FFD26BAE6F600CFBDA8 = {
			isa = PBXGroup;
			children = (
				3558900826BAE6F600CFBDA8 /* MVPTest */,
				3558901F26BAE6F700CFBDA8 /* MVPTestTests */,
				3558902A26BAE6F700CFBDA8 /* MVPTestUITests */,
				3558900726BAE6F600CFBDA8 /* Products */,
				05EDDC5EC923B62227186AC4 /* Pods */,
				7DD2E441D4D008352C6A77B1 /* Frameworks */,
			);
			sourceTree = "<group>";
		};
		3558900726BAE6F600CFBDA8 /* Products */ = {
			isa = PBXGroup;
			children = (
				3558900626BAE6F600CFBDA8 /* MVPTest.app */,
				3558901C26BAE6F700CFBDA8 /* MVPTestTests.xctest */,
				3558902726BAE6F700CFBDA8 /* MVPTestUITests.xctest */,
			);
			name = Products;
			sourceTree = "<group>";
		};
		3558900826BAE6F600CFBDA8 /* MVPTest */ = {
			isa = PBXGroup;
			children = (
				35AAA4E926C153B800AC195E /* DatabaseSQLite */,
				3558904926BAEA9300CFBDA8 /* MainModule */,
				3517133126BC2F0A00703299 /* EventModule */,
				3517131826BC227B00703299 /* DetailModule */,
				3516889226C551AA0069C810 /* EditModule */,
				3517138A26BD6EAB00703299 /* ScreenBuilder */,
				3517130826BC144300703299 /* storyboards */,
				3517136226BD43EB00703299 /* Extension */,
				3558901226BAE6F700CFBDA8 /* Assets.xcassets */,
				3558901726BAE6F700CFBDA8 /* Info.plist */,
			);
			path = MVPTest;
			sourceTree = "<group>";
		};
		3558901F26BAE6F700CFBDA8 /* MVPTestTests */ = {
			isa = PBXGroup;
			children = (
				3558902026BAE6F700CFBDA8 /* MVPTestTests.swift */,
				3558902226BAE6F700CFBDA8 /* Info.plist */,
			);
			path = MVPTestTests;
			sourceTree = "<group>";
		};
		3558902A26BAE6F700CFBDA8 /* MVPTestUITests */ = {
			isa = PBXGroup;
			children = (
				3558902B26BAE6F700CFBDA8 /* MVPTestUITests.swift */,
				3558902D26BAE6F700CFBDA8 /* Info.plist */,
			);
			path = MVPTestUITests;
			sourceTree = "<group>";
		};
		3558904926BAEA9300CFBDA8 /* MainModule */ = {
			isa = PBXGroup;
			children = (
				3544940426C3D30200946D9D /* router */,
				3558904D26BAEAAC00CFBDA8 /* model */,
				3558905526BAEABD00CFBDA8 /* view */,
				3558905126BAEAB700CFBDA8 /* presenter */,
			);
			path = MainModule;
			sourceTree = "<group>";
		};
		3558904D26BAEAAC00CFBDA8 /* model */ = {
			isa = PBXGroup;
			children = (
				3558903C26BAE70100CFBDA8 /* Task.swift */,
			);
			path = model;
			sourceTree = "<group>";
		};
		3558905126BAEAB700CFBDA8 /* presenter */ = {
			isa = PBXGroup;
			children = (
				3558904126BAE73500CFBDA8 /* MainPresenter.swift */,
			);
			path = presenter;
			sourceTree = "<group>";
		};
		3558905526BAEABD00CFBDA8 /* view */ = {
			isa = PBXGroup;
			children = (
				3558900D26BAE6F600CFBDA8 /* MainViewController.swift */,
				3558905926BAEAD900CFBDA8 /* MainViewController.xib */,
				3517130126BC143100703299 /* cells */,
			);
			path = view;
			sourceTree = "<group>";
		};
		35AAA4E926C153B800AC195E /* DatabaseSQLite */ = {
			isa = PBXGroup;
			children = (
				35AAA4EA26C153DF00AC195E /* SQLiteDatabase.swift */,
				35AAA50526C2784400AC195E /* SQLiteCommands.swift */,
			);
			name = DatabaseSQLite;
			sourceTree = "<group>";
		};
		7DD2E441D4D008352C6A77B1 /* Frameworks */ = {
			isa = PBXGroup;
			children = (
				A6D6BD4EC89942FBD015B518 /* Pods_MVPTest.framework */,
				C087F57996E606C6FB3ACEFA /* Pods_MVPTest_MVPTestUITests.framework */,
				49FC1592B1390C8C5544BA08 /* Pods_MVPTestTests.framework */,
			);
			name = Frameworks;
			sourceTree = "<group>";
		};
/* End PBXGroup section */

/* Begin PBXNativeTarget section */
		3558900526BAE6F600CFBDA8 /* MVPTest */ = {
			isa = PBXNativeTarget;
			buildConfigurationList = 3558903026BAE6F700CFBDA8 /* Build configuration list for PBXNativeTarget "MVPTest" */;
			buildPhases = (
				330CB82387FF119276CF65E3 /* [CP] Check Pods Manifest.lock */,
				3558900226BAE6F600CFBDA8 /* Sources */,
				3558900326BAE6F600CFBDA8 /* Frameworks */,
				3558900426BAE6F600CFBDA8 /* Resources */,
				8953E79E54886F59E705FEC5 /* [CP] Embed Pods Frameworks */,
			);
			buildRules = (
			);
			dependencies = (
			);
			name = MVPTest;
			productName = MVPTest;
			productReference = 3558900626BAE6F600CFBDA8 /* MVPTest.app */;
			productType = "com.apple.product-type.application";
		};
		3558901B26BAE6F700CFBDA8 /* MVPTestTests */ = {
			isa = PBXNativeTarget;
			buildConfigurationList = 3558903326BAE6F700CFBDA8 /* Build configuration list for PBXNativeTarget "MVPTestTests" */;
			buildPhases = (
				BF6F2765379F7CC7C1530EF5 /* [CP] Check Pods Manifest.lock */,
				3558901826BAE6F700CFBDA8 /* Sources */,
				3558901926BAE6F700CFBDA8 /* Frameworks */,
				3558901A26BAE6F700CFBDA8 /* Resources */,
			);
			buildRules = (
			);
			dependencies = (
				3558901E26BAE6F700CFBDA8 /* PBXTargetDependency */,
			);
			name = MVPTestTests;
			productName = MVPTestTests;
			productReference = 3558901C26BAE6F700CFBDA8 /* MVPTestTests.xctest */;
			productType = "com.apple.product-type.bundle.unit-test";
		};
		3558902626BAE6F700CFBDA8 /* MVPTestUITests */ = {
			isa = PBXNativeTarget;
			buildConfigurationList = 3558903626BAE6F700CFBDA8 /* Build configuration list for PBXNativeTarget "MVPTestUITests" */;
			buildPhases = (
				11EA4820896C3D05F01740BB /* [CP] Check Pods Manifest.lock */,
				3558902326BAE6F700CFBDA8 /* Sources */,
				3558902426BAE6F700CFBDA8 /* Frameworks */,
				3558902526BAE6F700CFBDA8 /* Resources */,
				9213475C8D4EB465D59A39ED /* [CP] Embed Pods Frameworks */,
			);
			buildRules = (
			);
			dependencies = (
				3558902926BAE6F700CFBDA8 /* PBXTargetDependency */,
			);
			name = MVPTestUITests;
			productName = MVPTestUITests;
			productReference = 3558902726BAE6F700CFBDA8 /* MVPTestUITests.xctest */;
			productType = "com.apple.product-type.bundle.ui-testing";
		};
/* End PBXNativeTarget section */

/* Begin PBXProject section */
		35588FFE26BAE6F600CFBDA8 /* Project object */ = {
			isa = PBXProject;
			attributes = {
				LastSwiftUpdateCheck = 1230;
				LastUpgradeCheck = 1230;
				TargetAttributes = {
					3558900526BAE6F600CFBDA8 = {
						CreatedOnToolsVersion = 12.3;
					};
					3558901B26BAE6F700CFBDA8 = {
						CreatedOnToolsVersion = 12.3;
						TestTargetID = 3558900526BAE6F600CFBDA8;
					};
					3558902626BAE6F700CFBDA8 = {
						CreatedOnToolsVersion = 12.3;
						TestTargetID = 3558900526BAE6F600CFBDA8;
					};
				};
			};
			buildConfigurationList = 3558900126BAE6F600CFBDA8 /* Build configuration list for PBXProject "MVPTest" */;
			compatibilityVersion = "Xcode 9.3";
			developmentRegion = en;
			hasScannedForEncodings = 0;
			knownRegions = (
				en,
				Base,
			);
			mainGroup = 35588FFD26BAE6F600CFBDA8;
			productRefGroup = 3558900726BAE6F600CFBDA8 /* Products */;
			projectDirPath = "";
			projectRoot = "";
			targets = (
				3558900526BAE6F600CFBDA8 /* MVPTest */,
				3558901B26BAE6F700CFBDA8 /* MVPTestTests */,
				3558902626BAE6F700CFBDA8 /* MVPTestUITests */,
			);
		};
/* End PBXProject section */

/* Begin PBXResourcesBuildPhase section */
		3558900426BAE6F600CFBDA8 /* Resources */ = {
			isa = PBXResourcesBuildPhase;
			buildActionMask = 2147483647;
			files = (
				3558901626BAE6F700CFBDA8 /* LaunchScreen.storyboard in Resources */,
				3517131F26BC22B500703299 /* DetailViewController.xib in Resources */,
				351712FD26BC142E00703299 /* TaskCell.xib in Resources */,
				3558901326BAE6F700CFBDA8 /* Assets.xcassets in Resources */,
				3516888E26C551A40069C810 /* EditViewController.xib in Resources */,
				3558901126BAE6F600CFBDA8 /* Main.storyboard in Resources */,
				3517132D26BC2F0500703299 /* EventViewController.xib in Resources */,
				3558905A26BAEAD900CFBDA8 /* MainViewController.xib in Resources */,
			);
			runOnlyForDeploymentPostprocessing = 0;
		};
		3558901A26BAE6F700CFBDA8 /* Resources */ = {
			isa = PBXResourcesBuildPhase;
			buildActionMask = 2147483647;
			files = (
			);
			runOnlyForDeploymentPostprocessing = 0;
		};
		3558902526BAE6F700CFBDA8 /* Resources */ = {
			isa = PBXResourcesBuildPhase;
			buildActionMask = 2147483647;
			files = (
			);
			runOnlyForDeploymentPostprocessing = 0;
		};
/* End PBXResourcesBuildPhase section */

/* Begin PBXShellScriptBuildPhase section */
		11EA4820896C3D05F01740BB /* [CP] Check Pods Manifest.lock */ = {
			isa = PBXShellScriptBuildPhase;
			buildActionMask = 2147483647;
			files = (
			);
			inputFileListPaths = (
			);
			inputPaths = (
				"${PODS_PODFILE_DIR_PATH}/Podfile.lock",
				"${PODS_ROOT}/Manifest.lock",
			);
			name = "[CP] Check Pods Manifest.lock";
			outputFileListPaths = (
			);
			outputPaths = (
				"$(DERIVED_FILE_DIR)/Pods-MVPTest-MVPTestUITests-checkManifestLockResult.txt",
			);
			runOnlyForDeploymentPostprocessing = 0;
			shellPath = /bin/sh;
			shellScript = "diff \"${PODS_PODFILE_DIR_PATH}/Podfile.lock\" \"${PODS_ROOT}/Manifest.lock\" > /dev/null\nif [ $? != 0 ] ; then\n    # print error to STDERR\n    echo \"error: The sandbox is not in sync with the Podfile.lock. Run 'pod install' or update your CocoaPods installation.\" >&2\n    exit 1\nfi\n# This output is used by Xcode 'outputs' to avoid re-running this script phase.\necho \"SUCCESS\" > \"${SCRIPT_OUTPUT_FILE_0}\"\n";
			showEnvVarsInLog = 0;
		};
		330CB82387FF119276CF65E3 /* [CP] Check Pods Manifest.lock */ = {
			isa = PBXShellScriptBuildPhase;
			buildActionMask = 2147483647;
			files = (
			);
			inputFileListPaths = (
			);
			inputPaths = (
				"${PODS_PODFILE_DIR_PATH}/Podfile.lock",
				"${PODS_ROOT}/Manifest.lock",
			);
			name = "[CP] Check Pods Manifest.lock";
			outputFileListPaths = (
			);
			outputPaths = (
				"$(DERIVED_FILE_DIR)/Pods-MVPTest-checkManifestLockResult.txt",
			);
			runOnlyForDeploymentPostprocessing = 0;
			shellPath = /bin/sh;
			shellScript = "diff \"${PODS_PODFILE_DIR_PATH}/Podfile.lock\" \"${PODS_ROOT}/Manifest.lock\" > /dev/null\nif [ $? != 0 ] ; then\n    # print error to STDERR\n    echo \"error: The sandbox is not in sync with the Podfile.lock. Run 'pod install' or update your CocoaPods installation.\" >&2\n    exit 1\nfi\n# This output is used by Xcode 'outputs' to avoid re-running this script phase.\necho \"SUCCESS\" > \"${SCRIPT_OUTPUT_FILE_0}\"\n";
			showEnvVarsInLog = 0;
		};
		8953E79E54886F59E705FEC5 /* [CP] Embed Pods Frameworks */ = {
			isa = PBXShellScriptBuildPhase;
			buildActionMask = 2147483647;
			files = (
			);
			inputFileListPaths = (
				"${PODS_ROOT}/Target Support Files/Pods-MVPTest/Pods-MVPTest-frameworks-${CONFIGURATION}-input-files.xcfilelist",
			);
			name = "[CP] Embed Pods Frameworks";
			outputFileListPaths = (
				"${PODS_ROOT}/Target Support Files/Pods-MVPTest/Pods-MVPTest-frameworks-${CONFIGURATION}-output-files.xcfilelist",
			);
			runOnlyForDeploymentPostprocessing = 0;
			shellPath = /bin/sh;
			shellScript = "\"${PODS_ROOT}/Target Support Files/Pods-MVPTest/Pods-MVPTest-frameworks.sh\"\n";
			showEnvVarsInLog = 0;
		};
		9213475C8D4EB465D59A39ED /* [CP] Embed Pods Frameworks */ = {
			isa = PBXShellScriptBuildPhase;
			buildActionMask = 2147483647;
			files = (
			);
			inputFileListPaths = (
				"${PODS_ROOT}/Target Support Files/Pods-MVPTest-MVPTestUITests/Pods-MVPTest-MVPTestUITests-frameworks-${CONFIGURATION}-input-files.xcfilelist",
			);
			name = "[CP] Embed Pods Frameworks";
			outputFileListPaths = (
				"${PODS_ROOT}/Target Support Files/Pods-MVPTest-MVPTestUITests/Pods-MVPTest-MVPTestUITests-frameworks-${CONFIGURATION}-output-files.xcfilelist",
			);
			runOnlyForDeploymentPostprocessing = 0;
			shellPath = /bin/sh;
			shellScript = "\"${PODS_ROOT}/Target Support Files/Pods-MVPTest-MVPTestUITests/Pods-MVPTest-MVPTestUITests-frameworks.sh\"\n";
			showEnvVarsInLog = 0;
		};
		BF6F2765379F7CC7C1530EF5 /* [CP] Check Pods Manifest.lock */ = {
			isa = PBXShellScriptBuildPhase;
			buildActionMask = 2147483647;
			files = (
			);
			inputFileListPaths = (
			);
			inputPaths = (
				"${PODS_PODFILE_DIR_PATH}/Podfile.lock",
				"${PODS_ROOT}/Manifest.lock",
			);
			name = "[CP] Check Pods Manifest.lock";
			outputFileListPaths = (
			);
			outputPaths = (
				"$(DERIVED_FILE_DIR)/Pods-MVPTestTests-checkManifestLockResult.txt",
			);
			runOnlyForDeploymentPostprocessing = 0;
			shellPath = /bin/sh;
			shellScript = "diff \"${PODS_PODFILE_DIR_PATH}/Podfile.lock\" \"${PODS_ROOT}/Manifest.lock\" > /dev/null\nif [ $? != 0 ] ; then\n    # print error to STDERR\n    echo \"error: The sandbox is not in sync with the Podfile.lock. Run 'pod install' or update your CocoaPods installation.\" >&2\n    exit 1\nfi\n# This output is used by Xcode 'outputs' to avoid re-running this script phase.\necho \"SUCCESS\" > \"${SCRIPT_OUTPUT_FILE_0}\"\n";
			showEnvVarsInLog = 0;
		};
/* End PBXShellScriptBuildPhase section */

/* Begin PBXSourcesBuildPhase section */
		3558900226BAE6F600CFBDA8 /* Sources */ = {
			isa = PBXSourcesBuildPhase;
			buildActionMask = 2147483647;
			files = (
				3517131E26BC22B500703299 /* DetailViewController.swift in Sources */,
				3558904226BAE73500CFBDA8 /* MainPresenter.swift in Sources */,
				35AAA50626C2784400AC195E /* SQLiteCommands.swift in Sources */,
				351712FC26BC142E00703299 /* TaskCell.swift in Sources */,
				3517138F26BD879600703299 /* MainRouter.swift in Sources */,
				3558900E26BAE6F600CFBDA8 /* MainViewController.swift in Sources */,
				351688A726C5553B0069C810 /* EditRouter.swift in Sources */,
				350FB9E526C528EF00EEC1FC /* Date.swift in Sources */,
				3517131026BC20B400703299 /* DetailPresenter.swift in Sources */,
				3516888D26C551A40069C810 /* EditViewController.swift in Sources */,
				35AAA4EB26C153DF00AC195E /* SQLiteDatabase.swift in Sources */,
				3517134726BC2F6F00703299 /* EventPresenter.swift in Sources */,
				3516889E26C554820069C810 /* EditPresenter.swift in Sources */,
				3517132C26BC2F0500703299 /* EventViewController.swift in Sources */,
				3558900A26BAE6F600CFBDA8 /* AppDelegate.swift in Sources */,
				3558903D26BAE70100CFBDA8 /* Task.swift in Sources */,
				3558900C26BAE6F600CFBDA8 /* SceneDelegate.swift in Sources */,
				3558905F26BAEB6B00CFBDA8 /* AssamblyModuleBuilder.swift in Sources */,
				3517139F26BD8E8900703299 /* DetailRouter.swift in Sources */,
				3517139726BD8B6D00703299 /* EventRouter.swift in Sources */,
			);
			runOnlyForDeploymentPostprocessing = 0;
		};
		3558901826BAE6F700CFBDA8 /* Sources */ = {
			isa = PBXSourcesBuildPhase;
			buildActionMask = 2147483647;
			files = (
				3558902126BAE6F700CFBDA8 /* MVPTestTests.swift in Sources */,
			);
			runOnlyForDeploymentPostprocessing = 0;
		};
		3558902326BAE6F700CFBDA8 /* Sources */ = {
			isa = PBXSourcesBuildPhase;
			buildActionMask = 2147483647;
			files = (
				3558902C26BAE6F700CFBDA8 /* MVPTestUITests.swift in Sources */,
			);
			runOnlyForDeploymentPostprocessing = 0;
		};
/* End PBXSourcesBuildPhase section */

/* Begin PBXTargetDependency section */
		3558901E26BAE6F700CFBDA8 /* PBXTargetDependency */ = {
			isa = PBXTargetDependency;
			target = 3558900526BAE6F600CFBDA8 /* MVPTest */;
			targetProxy = 3558901D26BAE6F700CFBDA8 /* PBXContainerItemProxy */;
		};
		3558902926BAE6F700CFBDA8 /* PBXTargetDependency */ = {
			isa = PBXTargetDependency;
			target = 3558900526BAE6F600CFBDA8 /* MVPTest */;
			targetProxy = 3558902826BAE6F700CFBDA8 /* PBXContainerItemProxy */;
		};
/* End PBXTargetDependency section */

/* Begin PBXVariantGroup section */
		3558900F26BAE6F600CFBDA8 /* Main.storyboard */ = {
			isa = PBXVariantGroup;
			children = (
				3558901026BAE6F600CFBDA8 /* Base */,
			);
			name = Main.storyboard;
			sourceTree = "<group>";
		};
		3558901426BAE6F700CFBDA8 /* LaunchScreen.storyboard */ = {
			isa = PBXVariantGroup;
			children = (
				3558901526BAE6F700CFBDA8 /* Base */,
			);
			name = LaunchScreen.storyboard;
			sourceTree = "<group>";
		};
/* End PBXVariantGroup section */

/* Begin XCBuildConfiguration section */
		3558902E26BAE6F700CFBDA8 /* Debug */ = {
			isa = XCBuildConfiguration;
			buildSettings = {
				ALWAYS_SEARCH_USER_PATHS = NO;
				CLANG_ANALYZER_NONNULL = YES;
				CLANG_ANALYZER_NUMBER_OBJECT_CONVERSION = YES_AGGRESSIVE;
				CLANG_CXX_LANGUAGE_STANDARD = "gnu++14";
				CLANG_CXX_LIBRARY = "libc++";
				CLANG_ENABLE_MODULES = YES;
				CLANG_ENABLE_OBJC_ARC = YES;
				CLANG_ENABLE_OBJC_WEAK = YES;
				CLANG_WARN_BLOCK_CAPTURE_AUTORELEASING = YES;
				CLANG_WARN_BOOL_CONVERSION = YES;
				CLANG_WARN_COMMA = YES;
				CLANG_WARN_CONSTANT_CONVERSION = YES;
				CLANG_WARN_DEPRECATED_OBJC_IMPLEMENTATIONS = YES;
				CLANG_WARN_DIRECT_OBJC_ISA_USAGE = YES_ERROR;
				CLANG_WARN_DOCUMENTATION_COMMENTS = YES;
				CLANG_WARN_EMPTY_BODY = YES;
				CLANG_WARN_ENUM_CONVERSION = YES;
				CLANG_WARN_INFINITE_RECURSION = YES;
				CLANG_WARN_INT_CONVERSION = YES;
				CLANG_WARN_NON_LITERAL_NULL_CONVERSION = YES;
				CLANG_WARN_OBJC_IMPLICIT_RETAIN_SELF = YES;
				CLANG_WARN_OBJC_LITERAL_CONVERSION = YES;
				CLANG_WARN_OBJC_ROOT_CLASS = YES_ERROR;
				CLANG_WARN_QUOTED_INCLUDE_IN_FRAMEWORK_HEADER = YES;
				CLANG_WARN_RANGE_LOOP_ANALYSIS = YES;
				CLANG_WARN_STRICT_PROTOTYPES = YES;
				CLANG_WARN_SUSPICIOUS_MOVE = YES;
				CLANG_WARN_UNGUARDED_AVAILABILITY = YES_AGGRESSIVE;
				CLANG_WARN_UNREACHABLE_CODE = YES;
				CLANG_WARN__DUPLICATE_METHOD_MATCH = YES;
				COPY_PHASE_STRIP = NO;
				DEBUG_INFORMATION_FORMAT = dwarf;
				ENABLE_STRICT_OBJC_MSGSEND = YES;
				ENABLE_TESTABILITY = YES;
				GCC_C_LANGUAGE_STANDARD = gnu11;
				GCC_DYNAMIC_NO_PIC = NO;
				GCC_NO_COMMON_BLOCKS = YES;
				GCC_OPTIMIZATION_LEVEL = 0;
				GCC_PREPROCESSOR_DEFINITIONS = (
					"DEBUG=1",
					"$(inherited)",
				);
				GCC_WARN_64_TO_32_BIT_CONVERSION = YES;
				GCC_WARN_ABOUT_RETURN_TYPE = YES_ERROR;
				GCC_WARN_UNDECLARED_SELECTOR = YES;
				GCC_WARN_UNINITIALIZED_AUTOS = YES_AGGRESSIVE;
				GCC_WARN_UNUSED_FUNCTION = YES;
				GCC_WARN_UNUSED_VARIABLE = YES;
				IPHONEOS_DEPLOYMENT_TARGET = 14.3;
				MTL_ENABLE_DEBUG_INFO = INCLUDE_SOURCE;
				MTL_FAST_MATH = YES;
				ONLY_ACTIVE_ARCH = YES;
				SDKROOT = iphoneos;
				SWIFT_ACTIVE_COMPILATION_CONDITIONS = DEBUG;
				SWIFT_OPTIMIZATION_LEVEL = "-Onone";
			};
			name = Debug;
		};
		3558902F26BAE6F700CFBDA8 /* Release */ = {
			isa = XCBuildConfiguration;
			buildSettings = {
				ALWAYS_SEARCH_USER_PATHS = NO;
				CLANG_ANALYZER_NONNULL = YES;
				CLANG_ANALYZER_NUMBER_OBJECT_CONVERSION = YES_AGGRESSIVE;
				CLANG_CXX_LANGUAGE_STANDARD = "gnu++14";
				CLANG_CXX_LIBRARY = "libc++";
				CLANG_ENABLE_MODULES = YES;
				CLANG_ENABLE_OBJC_ARC = YES;
				CLANG_ENABLE_OBJC_WEAK = YES;
				CLANG_WARN_BLOCK_CAPTURE_AUTORELEASING = YES;
				CLANG_WARN_BOOL_CONVERSION = YES;
				CLANG_WARN_COMMA = YES;
				CLANG_WARN_CONSTANT_CONVERSION = YES;
				CLANG_WARN_DEPRECATED_OBJC_IMPLEMENTATIONS = YES;
				CLANG_WARN_DIRECT_OBJC_ISA_USAGE = YES_ERROR;
				CLANG_WARN_DOCUMENTATION_COMMENTS = YES;
				CLANG_WARN_EMPTY_BODY = YES;
				CLANG_WARN_ENUM_CONVERSION = YES;
				CLANG_WARN_INFINITE_RECURSION = YES;
				CLANG_WARN_INT_CONVERSION = YES;
				CLANG_WARN_NON_LITERAL_NULL_CONVERSION = YES;
				CLANG_WARN_OBJC_IMPLICIT_RETAIN_SELF = YES;
				CLANG_WARN_OBJC_LITERAL_CONVERSION = YES;
				CLANG_WARN_OBJC_ROOT_CLASS = YES_ERROR;
				CLANG_WARN_QUOTED_INCLUDE_IN_FRAMEWORK_HEADER = YES;
				CLANG_WARN_RANGE_LOOP_ANALYSIS = YES;
				CLANG_WARN_STRICT_PROTOTYPES = YES;
				CLANG_WARN_SUSPICIOUS_MOVE = YES;
				CLANG_WARN_UNGUARDED_AVAILABILITY = YES_AGGRESSIVE;
				CLANG_WARN_UNREACHABLE_CODE = YES;
				CLANG_WARN__DUPLICATE_METHOD_MATCH = YES;
				COPY_PHASE_STRIP = NO;
				DEBUG_INFORMATION_FORMAT = "dwarf-with-dsym";
				ENABLE_NS_ASSERTIONS = NO;
				ENABLE_STRICT_OBJC_MSGSEND = YES;
				GCC_C_LANGUAGE_STANDARD = gnu11;
				GCC_NO_COMMON_BLOCKS = YES;
				GCC_WARN_64_TO_32_BIT_CONVERSION = YES;
				GCC_WARN_ABOUT_RETURN_TYPE = YES_ERROR;
				GCC_WARN_UNDECLARED_SELECTOR = YES;
				GCC_WARN_UNINITIALIZED_AUTOS = YES_AGGRESSIVE;
				GCC_WARN_UNUSED_FUNCTION = YES;
				GCC_WARN_UNUSED_VARIABLE = YES;
				IPHONEOS_DEPLOYMENT_TARGET = 14.3;
				MTL_ENABLE_DEBUG_INFO = NO;
				MTL_FAST_MATH = YES;
				SDKROOT = iphoneos;
				SWIFT_COMPILATION_MODE = wholemodule;
				SWIFT_OPTIMIZATION_LEVEL = "-O";
				VALIDATE_PRODUCT = YES;
			};
			name = Release;
		};
		3558903126BAE6F700CFBDA8 /* Debug */ = {
			isa = XCBuildConfiguration;
			baseConfigurationReference = 6B4821C1BC1F4323540CAD6D /* Pods-MVPTest.debug.xcconfig */;
			buildSettings = {
				ASSETCATALOG_COMPILER_APPICON_NAME = AppIcon;
				ASSETCATALOG_COMPILER_GLOBAL_ACCENT_COLOR_NAME = AccentColor;
				CODE_SIGN_STYLE = Automatic;
				DEVELOPMENT_TEAM = CVWDFD9WK5;
				INFOPLIST_FILE = MVPTest/Info.plist;
				LD_RUNPATH_SEARCH_PATHS = (
					"$(inherited)",
					"@executable_path/Frameworks",
				);
				PRODUCT_BUNDLE_IDENTIFIER = erlingFX.MVPTest;
				PRODUCT_NAME = "$(TARGET_NAME)";
				SWIFT_VERSION = 5.0;
				TARGETED_DEVICE_FAMILY = "1,2";
			};
			name = Debug;
		};
		3558903226BAE6F700CFBDA8 /* Release */ = {
			isa = XCBuildConfiguration;
			baseConfigurationReference = 2F1B48D1CECF1E95EC5D52F3 /* Pods-MVPTest.release.xcconfig */;
			buildSettings = {
				ASSETCATALOG_COMPILER_APPICON_NAME = AppIcon;
				ASSETCATALOG_COMPILER_GLOBAL_ACCENT_COLOR_NAME = AccentColor;
				CODE_SIGN_STYLE = Automatic;
				DEVELOPMENT_TEAM = CVWDFD9WK5;
				INFOPLIST_FILE = MVPTest/Info.plist;
				LD_RUNPATH_SEARCH_PATHS = (
					"$(inherited)",
					"@executable_path/Frameworks",
				);
				PRODUCT_BUNDLE_IDENTIFIER = erlingFX.MVPTest;
				PRODUCT_NAME = "$(TARGET_NAME)";
				SWIFT_VERSION = 5.0;
				TARGETED_DEVICE_FAMILY = "1,2";
			};
			name = Release;
		};
		3558903426BAE6F700CFBDA8 /* Debug */ = {
			isa = XCBuildConfiguration;
			baseConfigurationReference = 89ED120836D5312A7A0F1046 /* Pods-MVPTestTests.debug.xcconfig */;
			buildSettings = {
				ALWAYS_EMBED_SWIFT_STANDARD_LIBRARIES = YES;
				BUNDLE_LOADER = "$(TEST_HOST)";
				CODE_SIGN_STYLE = Automatic;
				DEVELOPMENT_TEAM = CVWDFD9WK5;
				INFOPLIST_FILE = MVPTestTests/Info.plist;
				IPHONEOS_DEPLOYMENT_TARGET = 14.3;
				LD_RUNPATH_SEARCH_PATHS = (
					"$(inherited)",
					"@executable_path/Frameworks",
					"@loader_path/Frameworks",
				);
				PRODUCT_BUNDLE_IDENTIFIER = erlingFX.MVPTestTests;
				PRODUCT_NAME = "$(TARGET_NAME)";
				SWIFT_VERSION = 5.0;
				TARGETED_DEVICE_FAMILY = "1,2";
				TEST_HOST = "$(BUILT_PRODUCTS_DIR)/MVPTest.app/MVPTest";
			};
			name = Debug;
		};
		3558903526BAE6F700CFBDA8 /* Release */ = {
			isa = XCBuildConfiguration;
			baseConfigurationReference = 357746B8C6430657B72577C9 /* Pods-MVPTestTests.release.xcconfig */;
			buildSettings = {
				ALWAYS_EMBED_SWIFT_STANDARD_LIBRARIES = YES;
				BUNDLE_LOADER = "$(TEST_HOST)";
				CODE_SIGN_STYLE = Automatic;
				DEVELOPMENT_TEAM = CVWDFD9WK5;
				INFOPLIST_FILE = MVPTestTests/Info.plist;
				IPHONEOS_DEPLOYMENT_TARGET = 14.3;
				LD_RUNPATH_SEARCH_PATHS = (
					"$(inherited)",
					"@executable_path/Frameworks",
					"@loader_path/Frameworks",
				);
				PRODUCT_BUNDLE_IDENTIFIER = erlingFX.MVPTestTests;
				PRODUCT_NAME = "$(TARGET_NAME)";
				SWIFT_VERSION = 5.0;
				TARGETED_DEVICE_FAMILY = "1,2";
				TEST_HOST = "$(BUILT_PRODUCTS_DIR)/MVPTest.app/MVPTest";
			};
			name = Release;
		};
		3558903726BAE6F700CFBDA8 /* Debug */ = {
			isa = XCBuildConfiguration;
			baseConfigurationReference = E453046E7E81839144BC53FE /* Pods-MVPTest-MVPTestUITests.debug.xcconfig */;
			buildSettings = {
				ALWAYS_EMBED_SWIFT_STANDARD_LIBRARIES = YES;
				CODE_SIGN_STYLE = Automatic;
				DEVELOPMENT_TEAM = CVWDFD9WK5;
				INFOPLIST_FILE = MVPTestUITests/Info.plist;
				LD_RUNPATH_SEARCH_PATHS = (
					"$(inherited)",
					"@executable_path/Frameworks",
					"@loader_path/Frameworks",
				);
				PRODUCT_BUNDLE_IDENTIFIER = erlingFX.MVPTestUITests;
				PRODUCT_NAME = "$(TARGET_NAME)";
				SWIFT_VERSION = 5.0;
				TARGETED_DEVICE_FAMILY = "1,2";
				TEST_TARGET_NAME = MVPTest;
			};
			name = Debug;
		};
		3558903826BAE6F700CFBDA8 /* Release */ = {
			isa = XCBuildConfiguration;
			baseConfigurationReference = AD747B041832FE4BF8B6992C /* Pods-MVPTest-MVPTestUITests.release.xcconfig */;
			buildSettings = {
				ALWAYS_EMBED_SWIFT_STANDARD_LIBRARIES = YES;
				CODE_SIGN_STYLE = Automatic;
				DEVELOPMENT_TEAM = CVWDFD9WK5;
				INFOPLIST_FILE = MVPTestUITests/Info.plist;
				LD_RUNPATH_SEARCH_PATHS = (
					"$(inherited)",
					"@executable_path/Frameworks",
					"@loader_path/Frameworks",
				);
				PRODUCT_BUNDLE_IDENTIFIER = erlingFX.MVPTestUITests;
				PRODUCT_NAME = "$(TARGET_NAME)";
				SWIFT_VERSION = 5.0;
				TARGETED_DEVICE_FAMILY = "1,2";
				TEST_TARGET_NAME = MVPTest;
			};
			name = Release;
		};
/* End XCBuildConfiguration section */

/* Begin XCConfigurationList section */
		3558900126BAE6F600CFBDA8 /* Build configuration list for PBXProject "MVPTest" */ = {
			isa = XCConfigurationList;
			buildConfigurations = (
				3558902E26BAE6F700CFBDA8 /* Debug */,
				3558902F26BAE6F700CFBDA8 /* Release */,
			);
			defaultConfigurationIsVisible = 0;
			defaultConfigurationName = Release;
		};
		3558903026BAE6F700CFBDA8 /* Build configuration list for PBXNativeTarget "MVPTest" */ = {
			isa = XCConfigurationList;
			buildConfigurations = (
				3558903126BAE6F700CFBDA8 /* Debug */,
				3558903226BAE6F700CFBDA8 /* Release */,
			);
			defaultConfigurationIsVisible = 0;
			defaultConfigurationName = Release;
		};
		3558903326BAE6F700CFBDA8 /* Build configuration list for PBXNativeTarget "MVPTestTests" */ = {
			isa = XCConfigurationList;
			buildConfigurations = (
				3558903426BAE6F700CFBDA8 /* Debug */,
				3558903526BAE6F700CFBDA8 /* Release */,
			);
			defaultConfigurationIsVisible = 0;
			defaultConfigurationName = Release;
		};
		3558903626BAE6F700CFBDA8 /* Build configuration list for PBXNativeTarget "MVPTestUITests" */ = {
			isa = XCConfigurationList;
			buildConfigurations = (
				3558903726BAE6F700CFBDA8 /* Debug */,
				3558903826BAE6F700CFBDA8 /* Release */,
			);
			defaultConfigurationIsVisible = 0;
			defaultConfigurationName = Release;
		};
/* End XCConfigurationList section */
	};
	rootObject = 35588FFE26BAE6F600CFBDA8 /* Project object */;
}
